
Microsoft Visual Studio Solution File, Format Version 12.00
# Visual Studio 15
Project("{FAE04EC0-301F-11D3-BF4B-00C04F79EFBC}") = "Unity.Timeline", "Unity.Timeline.csproj", "{DEE894CF-19D0-0F14-F068-886E15324E79}"
EndProject
Project("{FAE04EC0-301F-11D3-BF4B-00C04F79EFBC}") = "Unity.Timeline.Editor", "Unity.Timeline.Editor.csproj", "{86696748-783B-2FC9-F352-7E477ACE4463}"
EndProject
Project("{FAE04EC0-301F-11D3-BF4B-00C04F79EFBC}") = "Unity.TextMeshPro.Editor", "Unity.TextMeshPro.Editor.csproj", "{0C279E63-44E3-1E3D-95BB-05B91C6AE5B0}"
EndProject
Project("{FAE04EC0-301F-11D3-BF4B-00C04F79EFBC}") = "Unity.VisualScripting.Flow", "Unity.VisualScripting.Flow.csproj", "{3BD4DCCA-CC6A-209F-B84A-49B67CBD9928}"
EndProject
Project("{FAE04EC0-301F-11D3-BF4B-00C04F79EFBC}") = "UnityEditor.UI", "UnityEditor.UI.csproj", "{FB045D04-0A42-9417-95A4-4BBA30441DD5}"
EndProject
Project("{FAE04EC0-301F-11D3-BF4B-00C04F79EFBC}") = "Boxophobic.Utils.Editor", "Boxophobic.Utils.Editor.csproj", "{690EB097-1BDB-6D50-0C64-0A757EA89F5F}"
EndProject
Project("{FAE04EC0-301F-11D3-BF4B-00C04F79EFBC}") = "Unity.PlasticSCM.Editor", "Unity.PlasticSCM.Editor.csproj", "{9A4CAEB1-7FE2-AF71-3A26-3BF3FED23204}"
EndProject
Project("{FAE04EC0-301F-11D3-BF4B-00C04F79EFBC}") = "Unity.VisualScripting.Core", "Unity.VisualScripting.Core.csproj", "{21603D80-CAB7-679E-C9EF-472984B1FF83}"
EndProject
Project("{FAE04EC0-301F-11D3-BF4B-00C04F79EFBC}") = "Cinemachine", "Cinemachine.csproj", "{3C5AD30A-1C59-5002-3947-875CC45E0CBB}"
EndProject
Project("{FAE04EC0-301F-11D3-BF4B-00C04F79EFBC}") = "Assembly-CSharp", "Assembly-CSharp.csproj", "{54FD6D11-5EE8-3040-84B6-DD1D4568DD9E}"
EndProject
Project("{FAE04EC0-301F-11D3-BF4B-00C04F79EFBC}") = "Unity.VisualScripting.Core.Editor", "Unity.VisualScripting.Core.Editor.csproj", "{6661CF7B-F347-B88F-53E9-0C2EC9ED4552}"
EndProject
Project("{FAE04EC0-301F-11D3-BF4B-00C04F79EFBC}") = "Unity.VisualScripting.Flow.Editor", "Unity.VisualScripting.Flow.Editor.csproj", "{5908B37B-AE57-2AB1-0630-B183E9C8FB0C}"
EndProject
Project("{FAE04EC0-301F-11D3-BF4B-00C04F79EFBC}") = "UnityEditor.TestRunner", "UnityEditor.TestRunner.csproj", "{F72F444F-3D7F-D333-F8F5-1465C3854868}"
EndProject
Project("{FAE04EC0-301F-11D3-BF4B-00C04F79EFBC}") = "Unity.VisualScripting.SettingsProvider.Editor", "Unity.VisualScripting.SettingsProvider.Editor.csproj", "{67E3891A-F62F-169C-4996-74DFD8D72410}"
EndProject
Project("{FAE04EC0-301F-11D3-BF4B-00C04F79EFBC}") = "UnityEngine.TestRunner", "UnityEngine.TestRunner.csproj", "{2B0B0BE7-EFAC-BBA0-2710-AB2F9E62FCCF}"
EndProject
Project("{FAE04EC0-301F-11D3-BF4B-00C04F79EFBC}") = "UnityEngine.UI", "UnityEngine.UI.csproj", "{55CD4E70-32E1-137C-437D-870B40E1EDD2}"
EndProject
Project("{FAE04EC0-301F-11D3-BF4B-00C04F79EFBC}") = "Unity.AI.Navigation.Editor", "Unity.AI.Navigation.Editor.csproj", "{61D1714D-6DE8-22FF-2D10-F3ABAD233EF6}"
EndProject
Project("{FAE04EC0-301F-11D3-BF4B-00C04F79EFBC}") = "Unity.VisualStudio.Editor", "Unity.VisualStudio.Editor.csproj", "{D07C8F96-0241-285D-138A-56A8EEF3EAE5}"
EndProject
Project("{FAE04EC0-301F-11D3-BF4B-00C04F79EFBC}") = "com.unity.cinemachine.editor", "com.unity.cinemachine.editor.csproj", "{DB36D911-53B3-50DF-FA5D-14FAEE35736D}"
EndProject
Project("{FAE04EC0-301F-11D3-BF4B-00C04F79EFBC}") = "Unity.TestTools.CodeCoverage.Editor.OpenCover.Model", "Unity.TestTools.CodeCoverage.Editor.OpenCover.Model.csproj", "{B4B6A0CA-6222-AB86-8008-51BEC237648E}"
EndProject
Project("{FAE04EC0-301F-11D3-BF4B-00C04F79EFBC}") = "Unity.Rider.Editor", "Unity.Rider.Editor.csproj", "{FC987A2F-E03E-9A04-F743-2F476248A72A}"
EndProject
Project("{FAE04EC0-301F-11D3-BF4B-00C04F79EFBC}") = "Unity.AI.Navigation", "Unity.AI.Navigation.csproj", "{2F6CC9FE-44B2-5DD6-EED1-77C18A580B5E}"
EndProject
Project("{FAE04EC0-301F-11D3-BF4B-00C04F79EFBC}") = "Boxophobic.Utils.Scripts", "Boxophobic.Utils.Scripts.csproj", "{9DB8AB29-E77B-B1F2-81A6-2CB0F164F53F}"
EndProject
Project("{FAE04EC0-301F-11D3-BF4B-00C04F79EFBC}") = "Unity.AI.Navigation.Editor.ConversionSystem", "Unity.AI.Navigation.Editor.ConversionSystem.csproj", "{638DDE38-ED9E-28BA-FB1A-F0010FBB8CC3}"
EndProject
Project("{FAE04EC0-301F-11D3-BF4B-00C04F79EFBC}") = "Unity.VisualScripting.State.Editor", "Unity.VisualScripting.State.Editor.csproj", "{235CC6A5-C26C-4F39-5EC8-35A12D3C1DAD}"
EndProject
Project("{FAE04EC0-301F-11D3-BF4B-00C04F79EFBC}") = "Unity.TestTools.CodeCoverage.Editor", "Unity.TestTools.CodeCoverage.Editor.csproj", "{1505E837-A7D0-CD18-BB12-1E10466661BA}"
EndProject
Project("{FAE04EC0-301F-11D3-BF4B-00C04F79EFBC}") = "Unity.VisualScripting.State", "Unity.VisualScripting.State.csproj", "{E9704944-8174-BC0B-66AC-3AAAE69DE96F}"
EndProject
Project("{FAE04EC0-301F-11D3-BF4B-00C04F79EFBC}") = "Unity.TextMeshPro", "Unity.TextMeshPro.csproj", "{3B210EB7-42A4-D20D-9DB9-285091508E55}"
EndProject
Project("{FAE04EC0-301F-11D3-BF4B-00C04F79EFBC}") = "Unity.Performance.Profile-Analyzer.Editor", "Unity.Performance.Profile-Analyzer.Editor.csproj", "{4A39D2E3-D9DB-A1F1-3BD1-0F97323E1A20}"
EndProject
Project("{FAE04EC0-301F-11D3-BF4B-00C04F79EFBC}") = "Unity.VSCode.Editor", "Unity.VSCode.Editor.csproj", "{8CED0EFF-9C15-85AE-EDC5-04F87A04DAA0}"
EndProject
Project("{FAE04EC0-301F-11D3-BF4B-00C04F79EFBC}") = "Boxophobic.SkyboxCubemapExtended.Editor", "Boxophobic.SkyboxCubemapExtended.Editor.csproj", "{BD7582F8-A93B-4522-8323-760F1153625D}"
EndProject
Project("{FAE04EC0-301F-11D3-BF4B-00C04F79EFBC}") = "Unity.TestTools.CodeCoverage.Editor.OpenCover.Mono.Reflection", "Unity.TestTools.CodeCoverage.Editor.OpenCover.Mono.Reflection.csproj", "{2F3FE0E8-6EAE-D6BC-0A2C-F410AD5AA4B7}"
EndProject
Project("{FAE04EC0-301F-11D3-BF4B-00C04F79EFBC}") = "Unity.AI.Navigation.Updater", "Unity.AI.Navigation.Updater.csproj", "{C36A7AF1-F154-32AD-BAC2-BB0503785DF5}"
EndProject
Project("{FAE04EC0-301F-11D3-BF4B-00C04F79EFBC}") = "Unity.Settings.Editor", "Unity.Settings.Editor.csproj", "{8E7ECE41-0E46-7C00-9E7F-951970CC19E4}"
EndProject
Project("{FAE04EC0-301F-11D3-BF4B-00C04F79EFBC}") = "Unity.EditorCoroutines.Editor", "Unity.EditorCoroutines.Editor.csproj", "{59CF0E38-75ED-CEEC-6855-7D390E9F9ECA}"
EndProject
Project("{FAE04EC0-301F-11D3-BF4B-00C04F79EFBC}") = "Unity.VisualScripting.Shared.Editor", "Unity.VisualScripting.Shared.Editor.csproj", "{09090F36-70AF-14DA-08E8-B9BCEBD49FC1}"
EndProject
Project("{FAE04EC0-301F-11D3-BF4B-00C04F79EFBC}") = "Unity.CollabProxy.Editor", "Unity.CollabProxy.Editor.csproj", "{18D32300-979B-645B-7DBB-406D417B5D66}"
EndProject
Project("{FAE04EC0-301F-11D3-BF4B-00C04F79EFBC}") = "Unity.Timeline", "Unity.Timeline.Player.csproj", "{1D3137A3-4473-B264-2642-A580916C538E}"
EndProject
Project("{FAE04EC0-301F-11D3-BF4B-00C04F79EFBC}") = "Unity.VisualScripting.Flow", "Unity.VisualScripting.Flow.Player.csproj", "{6AB4201D-20C0-F5D1-5F10-D61818BADCCF}"
EndProject
Project("{FAE04EC0-301F-11D3-BF4B-00C04F79EFBC}") = "Unity.VisualScripting.Core", "Unity.VisualScripting.Core.Player.csproj", "{C2F2422F-3840-88F7-480B-56FE193BCA3B}"
EndProject
Project("{FAE04EC0-301F-11D3-BF4B-00C04F79EFBC}") = "Cinemachine", "Cinemachine.Player.csproj", "{26059C13-266E-D432-B4C1-FE4C88A8D71E}"
EndProject
Project("{FAE04EC0-301F-11D3-BF4B-00C04F79EFBC}") = "Assembly-CSharp", "Assembly-CSharp.Player.csproj", "{E4F50E5B-2ECC-4B16-CAF1-8FB37209BBC5}"
EndProject
Project("{FAE04EC0-301F-11D3-BF4B-00C04F79EFBC}") = "UnityEngine.TestRunner", "UnityEngine.TestRunner.Player.csproj", "{7E2B67DF-419E-CAC1-0F90-638C559805E4}"
EndProject
Project("{FAE04EC0-301F-11D3-BF4B-00C04F79EFBC}") = "UnityEngine.UI", "UnityEngine.UI.Player.csproj", "{7E011C34-EE8D-5577-6C93-265B05882243}"
EndProject
Project("{FAE04EC0-301F-11D3-BF4B-00C04F79EFBC}") = "Unity.AI.Navigation", "Unity.AI.Navigation.Player.csproj", "{1AA3F4F4-C9D4-EE44-DF8A-B3387B398E7F}"
EndProject
Project("{FAE04EC0-301F-11D3-BF4B-00C04F79EFBC}") = "Boxophobic.Utils.Scripts", "Boxophobic.Utils.Scripts.Player.csproj", "{245E8F4D-1D1B-EBE5-A811-9A082DC752F6}"
EndProject
Project("{FAE04EC0-301F-11D3-BF4B-00C04F79EFBC}") = "Unity.VisualScripting.State", "Unity.VisualScripting.State.Player.csproj", "{86784FAD-E2CE-25B6-5BCC-40FBE7D247AF}"
EndProject
Project("{FAE04EC0-301F-11D3-BF4B-00C04F79EFBC}") = "Unity.TextMeshPro", "Unity.TextMeshPro.Player.csproj", "{A4C4DBCF-ACB4-6AEA-3ABA-DFC28CB33995}"
EndProject
Global
	GlobalSection(SolutionConfigurationPlatforms) = preSolution
		Debug|Any CPU = Debug|Any CPU
		Release|Any CPU = Release|Any CPU
	EndGlobalSection
	GlobalSection(ProjectConfigurationPlatforms) = postSolution
		{DEE894CF-19D0-0F14-F068-886E15324E79}.Debug|Any CPU.ActiveCfg = Debug|Any CPU
		{DEE894CF-19D0-0F14-F068-886E15324E79}.Debug|Any CPU.Build.0 = Debug|Any CPU
		{DEE894CF-19D0-0F14-F068-886E15324E79}.Release|Any CPU.ActiveCfg = Release|Any CPU
		{DEE894CF-19D0-0F14-F068-886E15324E79}.Release|Any CPU.Build.0 = Release|Any CPU
		{86696748-783B-2FC9-F352-7E477ACE4463}.Debug|Any CPU.ActiveCfg = Debug|Any CPU
		{86696748-783B-2FC9-F352-7E477ACE4463}.Debug|Any CPU.Build.0 = Debug|Any CPU
		{86696748-783B-2FC9-F352-7E477ACE4463}.Release|Any CPU.ActiveCfg = Release|Any CPU
		{86696748-783B-2FC9-F352-7E477ACE4463}.Release|Any CPU.Build.0 = Release|Any CPU
		{0C279E63-44E3-1E3D-95BB-05B91C6AE5B0}.Debug|Any CPU.ActiveCfg = Debug|Any CPU
		{0C279E63-44E3-1E3D-95BB-05B91C6AE5B0}.Debug|Any CPU.Build.0 = Debug|Any CPU
		{0C279E63-44E3-1E3D-95BB-05B91C6AE5B0}.Release|Any CPU.ActiveCfg = Release|Any CPU
		{0C279E63-44E3-1E3D-95BB-05B91C6AE5B0}.Release|Any CPU.Build.0 = Release|Any CPU
		{3BD4DCCA-CC6A-209F-B84A-49B67CBD9928}.Debug|Any CPU.ActiveCfg = Debug|Any CPU
		{3BD4DCCA-CC6A-209F-B84A-49B67CBD9928}.Debug|Any CPU.Build.0 = Debug|Any CPU
		{3BD4DCCA-CC6A-209F-B84A-49B67CBD9928}.Release|Any CPU.ActiveCfg = Release|Any CPU
		{3BD4DCCA-CC6A-209F-B84A-49B67CBD9928}.Release|Any CPU.Build.0 = Release|Any CPU
		{FB045D04-0A42-9417-95A4-4BBA30441DD5}.Debug|Any CPU.ActiveCfg = Debug|Any CPU
		{FB045D04-0A42-9417-95A4-4BBA30441DD5}.Debug|Any CPU.Build.0 = Debug|Any CPU
		{FB045D04-0A42-9417-95A4-4BBA30441DD5}.Release|Any CPU.ActiveCfg = Release|Any CPU
		{FB045D04-0A42-9417-95A4-4BBA30441DD5}.Release|Any CPU.Build.0 = Release|Any CPU
		{690EB097-1BDB-6D50-0C64-0A757EA89F5F}.Debug|Any CPU.ActiveCfg = Debug|Any CPU
		{690EB097-1BDB-6D50-0C64-0A757EA89F5F}.Debug|Any CPU.Build.0 = Debug|Any CPU
		{690EB097-1BDB-6D50-0C64-0A757EA89F5F}.Release|Any CPU.ActiveCfg = Release|Any CPU
		{690EB097-1BDB-6D50-0C64-0A757EA89F5F}.Release|Any CPU.Build.0 = Release|Any CPU
		{9A4CAEB1-7FE2-AF71-3A26-3BF3FED23204}.Debug|Any CPU.ActiveCfg = Debug|Any CPU
		{9A4CAEB1-7FE2-AF71-3A26-3BF3FED23204}.Debug|Any CPU.Build.0 = Debug|Any CPU
		{9A4CAEB1-7FE2-AF71-3A26-3BF3FED23204}.Release|Any CPU.ActiveCfg = Release|Any CPU
		{9A4CAEB1-7FE2-AF71-3A26-3BF3FED23204}.Release|Any CPU.Build.0 = Release|Any CPU
		{21603D80-CAB7-679E-C9EF-472984B1FF83}.Debug|Any CPU.ActiveCfg = Debug|Any CPU
		{21603D80-CAB7-679E-C9EF-472984B1FF83}.Debug|Any CPU.Build.0 = Debug|Any CPU
		{21603D80-CAB7-679E-C9EF-472984B1FF83}.Release|Any CPU.ActiveCfg = Release|Any CPU
		{21603D80-CAB7-679E-C9EF-472984B1FF83}.Release|Any CPU.Build.0 = Release|Any CPU
		{3C5AD30A-1C59-5002-3947-875CC45E0CBB}.Debug|Any CPU.ActiveCfg = Debug|Any CPU
		{3C5AD30A-1C59-5002-3947-875CC45E0CBB}.Debug|Any CPU.Build.0 = Debug|Any CPU
		{3C5AD30A-1C59-5002-3947-875CC45E0CBB}.Release|Any CPU.ActiveCfg = Release|Any CPU
		{3C5AD30A-1C59-5002-3947-875CC45E0CBB}.Release|Any CPU.Build.0 = Release|Any CPU
		{54FD6D11-5EE8-3040-84B6-DD1D4568DD9E}.Debug|Any CPU.ActiveCfg = Debug|Any CPU
		{54FD6D11-5EE8-3040-84B6-DD1D4568DD9E}.Debug|Any CPU.Build.0 = Debug|Any CPU
		{54FD6D11-5EE8-3040-84B6-DD1D4568DD9E}.Release|Any CPU.ActiveCfg = Release|Any CPU
		{54FD6D11-5EE8-3040-84B6-DD1D4568DD9E}.Release|Any CPU.Build.0 = Release|Any CPU
		{6661CF7B-F347-B88F-53E9-0C2EC9ED4552}.Debug|Any CPU.ActiveCfg = Debug|Any CPU
		{6661CF7B-F347-B88F-53E9-0C2EC9ED4552}.Debug|Any CPU.Build.0 = Debug|Any CPU
		{6661CF7B-F347-B88F-53E9-0C2EC9ED4552}.Release|Any CPU.ActiveCfg = Release|Any CPU
		{6661CF7B-F347-B88F-53E9-0C2EC9ED4552}.Release|Any CPU.Build.0 = Release|Any CPU
		{5908B37B-AE57-2AB1-0630-B183E9C8FB0C}.Debug|Any CPU.ActiveCfg = Debug|Any CPU
		{5908B37B-AE57-2AB1-0630-B183E9C8FB0C}.Debug|Any CPU.Build.0 = Debug|Any CPU
		{5908B37B-AE57-2AB1-0630-B183E9C8FB0C}.Release|Any CPU.ActiveCfg = Release|Any CPU
		{5908B37B-AE57-2AB1-0630-B183E9C8FB0C}.Release|Any CPU.Build.0 = Release|Any CPU
		{F72F444F-3D7F-D333-F8F5-1465C3854868}.Debug|Any CPU.ActiveCfg = Debug|Any CPU
		{F72F444F-3D7F-D333-F8F5-1465C3854868}.Debug|Any CPU.Build.0 = Debug|Any CPU
		{F72F444F-3D7F-D333-F8F5-1465C3854868}.Release|Any CPU.ActiveCfg = Release|Any CPU
		{F72F444F-3D7F-D333-F8F5-1465C3854868}.Release|Any CPU.Build.0 = Release|Any CPU
		{67E3891A-F62F-169C-4996-74DFD8D72410}.Debug|Any CPU.ActiveCfg = Debug|Any CPU
		{67E3891A-F62F-169C-4996-74DFD8D72410}.Debug|Any CPU.Build.0 = Debug|Any CPU
		{67E3891A-F62F-169C-4996-74DFD8D72410}.Release|Any CPU.ActiveCfg = Release|Any CPU
		{67E3891A-F62F-169C-4996-74DFD8D72410}.Release|Any CPU.Build.0 = Release|Any CPU
		{2B0B0BE7-EFAC-BBA0-2710-AB2F9E62FCCF}.Debug|Any CPU.ActiveCfg = Debug|Any CPU
		{2B0B0BE7-EFAC-BBA0-2710-AB2F9E62FCCF}.Debug|Any CPU.Build.0 = Debug|Any CPU
		{2B0B0BE7-EFAC-BBA0-2710-AB2F9E62FCCF}.Release|Any CPU.ActiveCfg = Release|Any CPU
		{2B0B0BE7-EFAC-BBA0-2710-AB2F9E62FCCF}.Release|Any CPU.Build.0 = Release|Any CPU
		{55CD4E70-32E1-137C-437D-870B40E1EDD2}.Debug|Any CPU.ActiveCfg = Debug|Any CPU
		{55CD4E70-32E1-137C-437D-870B40E1EDD2}.Debug|Any CPU.Build.0 = Debug|Any CPU
		{55CD4E70-32E1-137C-437D-870B40E1EDD2}.Release|Any CPU.ActiveCfg = Release|Any CPU
		{55CD4E70-32E1-137C-437D-870B40E1EDD2}.Release|Any CPU.Build.0 = Release|Any CPU
		{61D1714D-6DE8-22FF-2D10-F3ABAD233EF6}.Debug|Any CPU.ActiveCfg = Debug|Any CPU
		{61D1714D-6DE8-22FF-2D10-F3ABAD233EF6}.Debug|Any CPU.Build.0 = Debug|Any CPU
		{61D1714D-6DE8-22FF-2D10-F3ABAD233EF6}.Release|Any CPU.ActiveCfg = Release|Any CPU
		{61D1714D-6DE8-22FF-2D10-F3ABAD233EF6}.Release|Any CPU.Build.0 = Release|Any CPU
		{D07C8F96-0241-285D-138A-56A8EEF3EAE5}.Debug|Any CPU.ActiveCfg = Debug|Any CPU
		{D07C8F96-0241-285D-138A-56A8EEF3EAE5}.Debug|Any CPU.Build.0 = Debug|Any CPU
		{D07C8F96-0241-285D-138A-56A8EEF3EAE5}.Release|Any CPU.ActiveCfg = Release|Any CPU
		{D07C8F96-0241-285D-138A-56A8EEF3EAE5}.Release|Any CPU.Build.0 = Release|Any CPU
		{DB36D911-53B3-50DF-FA5D-14FAEE35736D}.Debug|Any CPU.ActiveCfg = Debug|Any CPU
		{DB36D911-53B3-50DF-FA5D-14FAEE35736D}.Debug|Any CPU.Build.0 = Debug|Any CPU
		{DB36D911-53B3-50DF-FA5D-14FAEE35736D}.Release|Any CPU.ActiveCfg = Release|Any CPU
		{DB36D911-53B3-50DF-FA5D-14FAEE35736D}.Release|Any CPU.Build.0 = Release|Any CPU
		{B4B6A0CA-6222-AB86-8008-51BEC237648E}.Debug|Any CPU.ActiveCfg = Debug|Any CPU
		{B4B6A0CA-6222-AB86-8008-51BEC237648E}.Debug|Any CPU.Build.0 = Debug|Any CPU
		{B4B6A0CA-6222-AB86-8008-51BEC237648E}.Release|Any CPU.ActiveCfg = Release|Any CPU
		{B4B6A0CA-6222-AB86-8008-51BEC237648E}.Release|Any CPU.Build.0 = Release|Any CPU
		{FC987A2F-E03E-9A04-F743-2F476248A72A}.Debug|Any CPU.ActiveCfg = Debug|Any CPU
		{FC987A2F-E03E-9A04-F743-2F476248A72A}.Debug|Any CPU.Build.0 = Debug|Any CPU
		{FC987A2F-E03E-9A04-F743-2F476248A72A}.Release|Any CPU.ActiveCfg = Release|Any CPU
		{FC987A2F-E03E-9A04-F743-2F476248A72A}.Release|Any CPU.Build.0 = Release|Any CPU
		{2F6CC9FE-44B2-5DD6-EED1-77C18A580B5E}.Debug|Any CPU.ActiveCfg = Debug|Any CPU
		{2F6CC9FE-44B2-5DD6-EED1-77C18A580B5E}.Debug|Any CPU.Build.0 = Debug|Any CPU
		{2F6CC9FE-44B2-5DD6-EED1-77C18A580B5E}.Release|Any CPU.ActiveCfg = Release|Any CPU
		{2F6CC9FE-44B2-5DD6-EED1-77C18A580B5E}.Release|Any CPU.Build.0 = Release|Any CPU
		{9DB8AB29-E77B-B1F2-81A6-2CB0F164F53F}.Debug|Any CPU.ActiveCfg = Debug|Any CPU
		{9DB8AB29-E77B-B1F2-81A6-2CB0F164F53F}.Debug|Any CPU.Build.0 = Debug|Any CPU
		{9DB8AB29-E77B-B1F2-81A6-2CB0F164F53F}.Release|Any CPU.ActiveCfg = Release|Any CPU
		{9DB8AB29-E77B-B1F2-81A6-2CB0F164F53F}.Release|Any CPU.Build.0 = Release|Any CPU
		{638DDE38-ED9E-28BA-FB1A-F0010FBB8CC3}.Debug|Any CPU.ActiveCfg = Debug|Any CPU
		{638DDE38-ED9E-28BA-FB1A-F0010FBB8CC3}.Debug|Any CPU.Build.0 = Debug|Any CPU
		{638DDE38-ED9E-28BA-FB1A-F0010FBB8CC3}.Release|Any CPU.ActiveCfg = Release|Any CPU
		{638DDE38-ED9E-28BA-FB1A-F0010FBB8CC3}.Release|Any CPU.Build.0 = Release|Any CPU
		{235CC6A5-C26C-4F39-5EC8-35A12D3C1DAD}.Debug|Any CPU.ActiveCfg = Debug|Any CPU
		{235CC6A5-C26C-4F39-5EC8-35A12D3C1DAD}.Debug|Any CPU.Build.0 = Debug|Any CPU
		{235CC6A5-C26C-4F39-5EC8-35A12D3C1DAD}.Release|Any CPU.ActiveCfg = Release|Any CPU
		{235CC6A5-C26C-4F39-5EC8-35A12D3C1DAD}.Release|Any CPU.Build.0 = Release|Any CPU
		{1505E837-A7D0-CD18-BB12-1E10466661BA}.Debug|Any CPU.ActiveCfg = Debug|Any CPU
		{1505E837-A7D0-CD18-BB12-1E10466661BA}.Debug|Any CPU.Build.0 = Debug|Any CPU
		{1505E837-A7D0-CD18-BB12-1E10466661BA}.Release|Any CPU.ActiveCfg = Release|Any CPU
		{1505E837-A7D0-CD18-BB12-1E10466661BA}.Release|Any CPU.Build.0 = Release|Any CPU
		{E9704944-8174-BC0B-66AC-3AAAE69DE96F}.Debug|Any CPU.ActiveCfg = Debug|Any CPU
		{E9704944-8174-BC0B-66AC-3AAAE69DE96F}.Debug|Any CPU.Build.0 = Debug|Any CPU
		{E9704944-8174-BC0B-66AC-3AAAE69DE96F}.Release|Any CPU.ActiveCfg = Release|Any CPU
		{E9704944-8174-BC0B-66AC-3AAAE69DE96F}.Release|Any CPU.Build.0 = Release|Any CPU
		{3B210EB7-42A4-D20D-9DB9-285091508E55}.Debug|Any CPU.ActiveCfg = Debug|Any CPU
		{3B210EB7-42A4-D20D-9DB9-285091508E55}.Debug|Any CPU.Build.0 = Debug|Any CPU
		{3B210EB7-42A4-D20D-9DB9-285091508E55}.Release|Any CPU.ActiveCfg = Release|Any CPU
		{3B210EB7-42A4-D20D-9DB9-285091508E55}.Release|Any CPU.Build.0 = Release|Any CPU
		{4A39D2E3-D9DB-A1F1-3BD1-0F97323E1A20}.Debug|Any CPU.ActiveCfg = Debug|Any CPU
		{4A39D2E3-D9DB-A1F1-3BD1-0F97323E1A20}.Debug|Any CPU.Build.0 = Debug|Any CPU
		{4A39D2E3-D9DB-A1F1-3BD1-0F97323E1A20}.Release|Any CPU.ActiveCfg = Release|Any CPU
		{4A39D2E3-D9DB-A1F1-3BD1-0F97323E1A20}.Release|Any CPU.Build.0 = Release|Any CPU
		{8CED0EFF-9C15-85AE-EDC5-04F87A04DAA0}.Debug|Any CPU.ActiveCfg = Debug|Any CPU
		{8CED0EFF-9C15-85AE-EDC5-04F87A04DAA0}.Debug|Any CPU.Build.0 = Debug|Any CPU
		{8CED0EFF-9C15-85AE-EDC5-04F87A04DAA0}.Release|Any CPU.ActiveCfg = Release|Any CPU
		{8CED0EFF-9C15-85AE-EDC5-04F87A04DAA0}.Release|Any CPU.Build.0 = Release|Any CPU
		{BD7582F8-A93B-4522-8323-760F1153625D}.Debug|Any CPU.ActiveCfg = Debug|Any CPU
		{BD7582F8-A93B-4522-8323-760F1153625D}.Debug|Any CPU.Build.0 = Debug|Any CPU
		{BD7582F8-A93B-4522-8323-760F1153625D}.Release|Any CPU.ActiveCfg = Release|Any CPU
		{BD7582F8-A93B-4522-8323-760F1153625D}.Release|Any CPU.Build.0 = Release|Any CPU
		{2F3FE0E8-6EAE-D6BC-0A2C-F410AD5AA4B7}.Debug|Any CPU.ActiveCfg = Debug|Any CPU
		{2F3FE0E8-6EAE-D6BC-0A2C-F410AD5AA4B7}.Debug|Any CPU.Build.0 = Debug|Any CPU
		{2F3FE0E8-6EAE-D6BC-0A2C-F410AD5AA4B7}.Release|Any CPU.ActiveCfg = Release|Any CPU
		{2F3FE0E8-6EAE-D6BC-0A2C-F410AD5AA4B7}.Release|Any CPU.Build.0 = Release|Any CPU
		{C36A7AF1-F154-32AD-BAC2-BB0503785DF5}.Debug|Any CPU.ActiveCfg = Debug|Any CPU
		{C36A7AF1-F154-32AD-BAC2-BB0503785DF5}.Debug|Any CPU.Build.0 = Debug|Any CPU
		{C36A7AF1-F154-32AD-BAC2-BB0503785DF5}.Release|Any CPU.ActiveCfg = Release|Any CPU
		{C36A7AF1-F154-32AD-BAC2-BB0503785DF5}.Release|Any CPU.Build.0 = Release|Any CPU
		{8E7ECE41-0E46-7C00-9E7F-951970CC19E4}.Debug|Any CPU.ActiveCfg = Debug|Any CPU
		{8E7ECE41-0E46-7C00-9E7F-951970CC19E4}.Debug|Any CPU.Build.0 = Debug|Any CPU
		{8E7ECE41-0E46-7C00-9E7F-951970CC19E4}.Release|Any CPU.ActiveCfg = Release|Any CPU
		{8E7ECE41-0E46-7C00-9E7F-951970CC19E4}.Release|Any CPU.Build.0 = Release|Any CPU
		{59CF0E38-75ED-CEEC-6855-7D390E9F9ECA}.Debug|Any CPU.ActiveCfg = Debug|Any CPU
		{59CF0E38-75ED-CEEC-6855-7D390E9F9ECA}.Debug|Any CPU.Build.0 = Debug|Any CPU
		{59CF0E38-75ED-CEEC-6855-7D390E9F9ECA}.Release|Any CPU.ActiveCfg = Release|Any CPU
		{59CF0E38-75ED-CEEC-6855-7D390E9F9ECA}.Release|Any CPU.Build.0 = Release|Any CPU
		{09090F36-70AF-14DA-08E8-B9BCEBD49FC1}.Debug|Any CPU.ActiveCfg = Debug|Any CPU
		{09090F36-70AF-14DA-08E8-B9BCEBD49FC1}.Debug|Any CPU.Build.0 = Debug|Any CPU
		{09090F36-70AF-14DA-08E8-B9BCEBD49FC1}.Release|Any CPU.ActiveCfg = Release|Any CPU
		{09090F36-70AF-14DA-08E8-B9BCEBD49FC1}.Release|Any CPU.Build.0 = Release|Any CPU
		{18D32300-979B-645B-7DBB-406D417B5D66}.Debug|Any CPU.ActiveCfg = Debug|Any CPU
		{18D32300-979B-645B-7DBB-406D417B5D66}.Debug|Any CPU.Build.0 = Debug|Any CPU
		{18D32300-979B-645B-7DBB-406D417B5D66}.Release|Any CPU.ActiveCfg = Release|Any CPU
		{18D32300-979B-645B-7DBB-406D417B5D66}.Release|Any CPU.Build.0 = Release|Any CPU
		{1D3137A3-4473-B264-2642-A580916C538E}.Debug|Any CPU.ActiveCfg = Debug|Any CPU
		{1D3137A3-4473-B264-2642-A580916C538E}.Debug|Any CPU.Build.0 = Debug|Any CPU
		{1D3137A3-4473-B264-2642-A580916C538E}.Release|Any CPU.ActiveCfg = Release|Any CPU
		{1D3137A3-4473-B264-2642-A580916C538E}.Release|Any CPU.Build.0 = Release|Any CPU
		{6AB4201D-20C0-F5D1-5F10-D61818BADCCF}.Debug|Any CPU.ActiveCfg = Debug|Any CPU
		{6AB4201D-20C0-F5D1-5F10-D61818BADCCF}.Debug|Any CPU.Build.0 = Debug|Any CPU
		{6AB4201D-20C0-F5D1-5F10-D61818BADCCF}.Release|Any CPU.ActiveCfg = Release|Any CPU
		{6AB4201D-20C0-F5D1-5F10-D61818BADCCF}.Release|Any CPU.Build.0 = Release|Any CPU
		{C2F2422F-3840-88F7-480B-56FE193BCA3B}.Debug|Any CPU.ActiveCfg = Debug|Any CPU
		{C2F2422F-3840-88F7-480B-56FE193BCA3B}.Debug|Any CPU.Build.0 = Debug|Any CPU
		{C2F2422F-3840-88F7-480B-56FE193BCA3B}.Release|Any CPU.ActiveCfg = Release|Any CPU
		{C2F2422F-3840-88F7-480B-56FE193BCA3B}.Release|Any CPU.Build.0 = Release|Any CPU
		{26059C13-266E-D432-B4C1-FE4C88A8D71E}.Debug|Any CPU.ActiveCfg = Debug|Any CPU
		{26059C13-266E-D432-B4C1-FE4C88A8D71E}.Debug|Any CPU.Build.0 = Debug|Any CPU
		{26059C13-266E-D432-B4C1-FE4C88A8D71E}.Release|Any CPU.ActiveCfg = Release|Any CPU
		{26059C13-266E-D432-B4C1-FE4C88A8D71E}.Release|Any CPU.Build.0 = Release|Any CPU
		{E4F50E5B-2ECC-4B16-CAF1-8FB37209BBC5}.Debug|Any CPU.ActiveCfg = Debug|Any CPU
		{E4F50E5B-2ECC-4B16-CAF1-8FB37209BBC5}.Debug|Any CPU.Build.0 = Debug|Any CPU
		{E4F50E5B-2ECC-4B16-CAF1-8FB37209BBC5}.Release|Any CPU.ActiveCfg = Release|Any CPU
		{E4F50E5B-2ECC-4B16-CAF1-8FB37209BBC5}.Release|Any CPU.Build.0 = Release|Any CPU
		{7E2B67DF-419E-CAC1-0F90-638C559805E4}.Debug|Any CPU.ActiveCfg = Debug|Any CPU
		{7E2B67DF-419E-CAC1-0F90-638C559805E4}.Debug|Any CPU.Build.0 = Debug|Any CPU
		{7E2B67DF-419E-CAC1-0F90-638C559805E4}.Release|Any CPU.ActiveCfg = Release|Any CPU
		{7E2B67DF-419E-CAC1-0F90-638C559805E4}.Release|Any CPU.Build.0 = Release|Any CPU
		{7E011C34-EE8D-5577-6C93-265B05882243}.Debug|Any CPU.ActiveCfg = Debug|Any CPU
		{7E011C34-EE8D-5577-6C93-265B05882243}.Debug|Any CPU.Build.0 = Debug|Any CPU
		{7E011C34-EE8D-5577-6C93-265B05882243}.Release|Any CPU.ActiveCfg = Release|Any CPU
		{7E011C34-EE8D-5577-6C93-265B05882243}.Release|Any CPU.Build.0 = Release|Any CPU
		{1AA3F4F4-C9D4-EE44-DF8A-B3387B398E7F}.Debug|Any CPU.ActiveCfg = Debug|Any CPU
		{1AA3F4F4-C9D4-EE44-DF8A-B3387B398E7F}.Debug|Any CPU.Build.0 = Debug|Any CPU
		{1AA3F4F4-C9D4-EE44-DF8A-B3387B398E7F}.Release|Any CPU.ActiveCfg = Release|Any CPU
		{1AA3F4F4-C9D4-EE44-DF8A-B3387B398E7F}.Release|Any CPU.Build.0 = Release|Any CPU
		{245E8F4D-1D1B-EBE5-A811-9A082DC752F6}.Debug|Any CPU.ActiveCfg = Debug|Any CPU
		{245E8F4D-1D1B-EBE5-A811-9A082DC752F6}.Debug|Any CPU.Build.0 = Debug|Any CPU
		{245E8F4D-1D1B-EBE5-A811-9A082DC752F6}.Release|Any CPU.ActiveCfg = Release|Any CPU
		{245E8F4D-1D1B-EBE5-A811-9A082DC752F6}.Release|Any CPU.Build.0 = Release|Any CPU
		{86784FAD-E2CE-25B6-5BCC-40FBE7D247AF}.Debug|Any CPU.ActiveCfg = Debug|Any CPU
		{86784FAD-E2CE-25B6-5BCC-40FBE7D247AF}.Debug|Any CPU.Build.0 = Debug|Any CPU
		{86784FAD-E2CE-25B6-5BCC-40FBE7D247AF}.Release|Any CPU.ActiveCfg = Release|Any CPU
		{86784FAD-E2CE-25B6-5BCC-40FBE7D247AF}.Release|Any CPU.Build.0 = Release|Any CPU
		{A4C4DBCF-ACB4-6AEA-3ABA-DFC28CB33995}.Debug|Any CPU.ActiveCfg = Debug|Any CPU
		{A4C4DBCF-ACB4-6AEA-3ABA-DFC28CB33995}.Debug|Any CPU.Build.0 = Debug|Any CPU
		{A4C4DBCF-ACB4-6AEA-3ABA-DFC28CB33995}.Release|Any CPU.ActiveCfg = Release|Any CPU
		{A4C4DBCF-ACB4-6AEA-3ABA-DFC28CB33995}.Release|Any CPU.Build.0 = Release|Any CPU
	EndGlobalSection
	GlobalSection(SolutionProperties) = preSolution
		HideSolutionNode = FALSE
	EndGlobalSection
EndGlobal
